// !$*UTF8*$!
{
	archiveVersion = 1;
	classes = {
	};
	objectVersion = 55;
	objects = {

/* Begin PBXBuildFile section */
		ACCC3FF72858F8CF00F3B396 /* AppDelegate.swift in Sources */ = {isa = PBXBuildFile; fileRef = ACCC3FF62858F8CF00F3B396 /* AppDelegate.swift */; };
		ACCC3FF92858F8CF00F3B396 /* SceneDelegate.swift in Sources */ = {isa = PBXBuildFile; fileRef = ACCC3FF82858F8CF00F3B396 /* SceneDelegate.swift */; };
		ACCC3FFB2858F8CF00F3B396 /* ViewController.swift in Sources */ = {isa = PBXBuildFile; fileRef = ACCC3FFA2858F8CF00F3B396 /* ViewController.swift */; };
		ACCC3FFE2858F8CF00F3B396 /* Main.storyboard in Resources */ = {isa = PBXBuildFile; fileRef = ACCC3FFC2858F8CF00F3B396 /* Main.storyboard */; };
		ACCC40012858F8CF00F3B396 /* githubIntro.xcdatamodeld in Sources */ = {isa = PBXBuildFile; fileRef = ACCC3FFF2858F8CF00F3B396 /* githubIntro.xcdatamodeld */; };
		ACCC40032858F8E900F3B396 /* Assets.xcassets in Resources */ = {isa = PBXBuildFile; fileRef = ACCC40022858F8E900F3B396 /* Assets.xcassets */; };
		ACCC40062858F8E900F3B396 /* LaunchScreen.storyboard in Resources */ = {isa = PBXBuildFile; fileRef = ACCC40042858F8E900F3B396 /* LaunchScreen.storyboard */; };
		ACCC40112858F8EA00F3B396 /* githubIntroTests.swift in Sources */ = {isa = PBXBuildFile; fileRef = ACCC40102858F8EA00F3B396 /* githubIntroTests.swift */; };
		ACCC401B2858F8EA00F3B396 /* githubIntroUITests.swift in Sources */ = {isa = PBXBuildFile; fileRef = ACCC401A2858F8EA00F3B396 /* githubIntroUITests.swift */; };
		ACCC401D2858F8EA00F3B396 /* githubIntroUITestsLaunchTests.swift in Sources */ = {isa = PBXBuildFile; fileRef = ACCC401C2858F8EA00F3B396 /* githubIntroUITestsLaunchTests.swift */; };
/* End PBXBuildFile section */

/* Begin PBXContainerItemProxy section */
		ACCC400D2858F8EA00F3B396 /* PBXContainerItemProxy */ = {
			isa = PBXContainerItemProxy;
			containerPortal = ACCC3FEB2858F8CE00F3B396 /* Project object */;
			proxyType = 1;
			remoteGlobalIDString = ACCC3FF22858F8CF00F3B396;
			remoteInfo = githubIntro;
		};
		ACCC40172858F8EA00F3B396 /* PBXContainerItemProxy */ = {
			isa = PBXContainerItemProxy;
			containerPortal = ACCC3FEB2858F8CE00F3B396 /* Project object */;
			proxyType = 1;
			remoteGlobalIDString = ACCC3FF22858F8CF00F3B396;
			remoteInfo = githubIntro;
		};
/* End PBXContainerItemProxy section */

/* Begin PBXFileReference section */
		ACCC3FF32858F8CF00F3B396 /* githubIntro.app */ = {isa = PBXFileReference; explicitFileType = wrapper.application; includeInIndex = 0; path = githubIntro.app; sourceTree = BUILT_PRODUCTS_DIR; };
		ACCC3FF62858F8CF00F3B396 /* AppDelegate.swift */ = {isa = PBXFileReference; lastKnownFileType = sourcecode.swift; path = AppDelegate.swift; sourceTree = "<group>"; };
		ACCC3FF82858F8CF00F3B396 /* SceneDelegate.swift */ = {isa = PBXFileReference; lastKnownFileType = sourcecode.swift; path = SceneDelegate.swift; sourceTree = "<group>"; };
		ACCC3FFA2858F8CF00F3B396 /* ViewController.swift */ = {isa = PBXFileReference; lastKnownFileType = sourcecode.swift; path = ViewController.swift; sourceTree = "<group>"; };
		ACCC3FFD2858F8CF00F3B396 /* Base */ = {isa = PBXFileReference; lastKnownFileType = file.storyboard; name = Base; path = Base.lproj/Main.storyboard; sourceTree = "<group>"; };
		ACCC40002858F8CF00F3B396 /* githubIntro.xcdatamodel */ = {isa = PBXFileReference; lastKnownFileType = wrapper.xcdatamodel; path = githubIntro.xcdatamodel; sourceTree = "<group>"; };
		ACCC40022858F8E900F3B396 /* Assets.xcassets */ = {isa = PBXFileReference; lastKnownFileType = folder.assetcatalog; path = Assets.xcassets; sourceTree = "<group>"; };
		ACCC40052858F8E900F3B396 /* Base */ = {isa = PBXFileReference; lastKnownFileType = file.storyboard; name = Base; path = Base.lproj/LaunchScreen.storyboard; sourceTree = "<group>"; };
		ACCC40072858F8E900F3B396 /* Info.plist */ = {isa = PBXFileReference; lastKnownFileType = text.plist.xml; path = Info.plist; sourceTree = "<group>"; };
		ACCC400C2858F8EA00F3B396 /* githubIntroTests.xctest */ = {isa = PBXFileReference; explicitFileType = wrapper.cfbundle; includeInIndex = 0; path = githubIntroTests.xctest; sourceTree = BUILT_PRODUCTS_DIR; };
		ACCC40102858F8EA00F3B396 /* githubIntroTests.swift */ = {isa = PBXFileReference; lastKnownFileType = sourcecode.swift; path = githubIntroTests.swift; sourceTree = "<group>"; };
		ACCC40162858F8EA00F3B396 /* githubIntroUITests.xctest */ = {isa = PBXFileReference; explicitFileType = wrapper.cfbundle; includeInIndex = 0; path = githubIntroUITests.xctest; sourceTree = BUILT_PRODUCTS_DIR; };
		ACCC401A2858F8EA00F3B396 /* githubIntroUITests.swift */ = {isa = PBXFileReference; lastKnownFileType = sourcecode.swift; path = githubIntroUITests.swift; sourceTree = "<group>"; };
		ACCC401C2858F8EA00F3B396 /* githubIntroUITestsLaunchTests.swift */ = {isa = PBXFileReference; lastKnownFileType = sourcecode.swift; path = githubIntroUITestsLaunchTests.swift; sourceTree = "<group>"; };
/* End PBXFileReference section */

/* Begin PBXFrameworksBuildPhase section */
		ACCC3FF02858F8CF00F3B396 /* Frameworks */ = {
			isa = PBXFrameworksBuildPhase;
			buildActionMask = 2147483647;
			files = (
			);
			runOnlyForDeploymentPostprocessing = 0;
		};
		ACCC40092858F8EA00F3B396 /* Frameworks */ = {
			isa = PBXFrameworksBuildPhase;
			buildActionMask = 2147483647;
			files = (
			);
			runOnlyForDeploymentPostprocessing = 0;
		};
		ACCC40132858F8EA00F3B396 /* Frameworks */ = {
			isa = PBXFrameworksBuildPhase;
			buildActionMask = 2147483647;
			files = (
			);
			runOnlyForDeploymentPostprocessing = 0;
		};
/* End PBXFrameworksBuildPhase section */

/* Begin PBXGroup section */
		ACCC3FEA2858F8CE00F3B396 = {
			isa = PBXGroup;
			children = (
				ACCC3FF52858F8CF00F3B396 /* githubIntro */,
				ACCC400F2858F8EA00F3B396 /* githubIntroTests */,
				ACCC40192858F8EA00F3B396 /* githubIntroUITests */,
				ACCC3FF42858F8CF00F3B396 /* Products */,
			);
			sourceTree = "<group>";
		};
		ACCC3FF42858F8CF00F3B396 /* Products */ = {
			isa = PBXGroup;
			children = (
				ACCC3FF32858F8CF00F3B396 /* githubIntro.app */,
				ACCC400C2858F8EA00F3B396 /* githubIntroTests.xctest */,
				ACCC40162858F8EA00F3B396 /* githubIntroUITests.xctest */,
			);
			name = Products;
			sourceTree = "<group>";
		};
		ACCC3FF52858F8CF00F3B396 /* githubIntro */ = {
			isa = PBXGroup;
			children = (
				ACCC3FF62858F8CF00F3B396 /* AppDelegate.swift */,
				ACCC3FF82858F8CF00F3B396 /* SceneDelegate.swift */,
				ACCC3FFA2858F8CF00F3B396 /* ViewController.swift */,
				ACCC3FFC2858F8CF00F3B396 /* Main.storyboard */,
				ACCC40022858F8E900F3B396 /* Assets.xcassets */,
				ACCC40042858F8E900F3B396 /* LaunchScreen.storyboard */,
				ACCC40072858F8E900F3B396 /* Info.plist */,
				ACCC3FFF2858F8CF00F3B396 /* githubIntro.xcdatamodeld */,
			);
			path = githubIntro;
			sourceTree = "<group>";
		};
		ACCC400F2858F8EA00F3B396 /* githubIntroTests */ = {
			isa = PBXGroup;
			children = (
				ACCC40102858F8EA00F3B396 /* githubIntroTests.swift */,
			);
			path = githubIntroTests;
			sourceTree = "<group>";
		};
		ACCC40192858F8EA00F3B396 /* githubIntroUITests */ = {
			isa = PBXGroup;
			children = (
				ACCC401A2858F8EA00F3B396 /* githubIntroUITests.swift */,
				ACCC401C2858F8EA00F3B396 /* githubIntroUITestsLaunchTests.swift */,
			);
			path = githubIntroUITests;
			sourceTree = "<group>";
		};
/* End PBXGroup section */

/* Begin PBXNativeTarget section */
		ACCC3FF22858F8CF00F3B396 /* githubIntro */ = {
			isa = PBXNativeTarget;
			buildConfigurationList = ACCC40202858F8EA00F3B396 /* Build configuration list for PBXNativeTarget "githubIntro" */;
			buildPhases = (
				ACCC3FEF2858F8CF00F3B396 /* Sources */,
				ACCC3FF02858F8CF00F3B396 /* Frameworks */,
				ACCC3FF12858F8CF00F3B396 /* Resources */,
			);
			buildRules = (
			);
			dependencies = (
			);
			name = githubIntro;
			productName = githubIntro;
			productReference = ACCC3FF32858F8CF00F3B396 /* githubIntro.app */;
			productType = "com.apple.product-type.application";
		};
		ACCC400B2858F8EA00F3B396 /* githubIntroTests */ = {
			isa = PBXNativeTarget;
			buildConfigurationList = ACCC40232858F8EA00F3B396 /* Build configuration list for PBXNativeTarget "githubIntroTests" */;
			buildPhases = (
				ACCC40082858F8EA00F3B396 /* Sources */,
				ACCC40092858F8EA00F3B396 /* Frameworks */,
				ACCC400A2858F8EA00F3B396 /* Resources */,
			);
			buildRules = (
			);
			dependencies = (
				ACCC400E2858F8EA00F3B396 /* PBXTargetDependency */,
			);
			name = githubIntroTests;
			productName = githubIntroTests;
			productReference = ACCC400C2858F8EA00F3B396 /* githubIntroTests.xctest */;
			productType = "com.apple.product-type.bundle.unit-test";
		};
		ACCC40152858F8EA00F3B396 /* githubIntroUITests */ = {
			isa = PBXNativeTarget;
			buildConfigurationList = ACCC40262858F8EB00F3B396 /* Build configuration list for PBXNativeTarget "githubIntroUITests" */;
			buildPhases = (
				ACCC40122858F8EA00F3B396 /* Sources */,
				ACCC40132858F8EA00F3B396 /* Frameworks */,
				ACCC40142858F8EA00F3B396 /* Resources */,
			);
			buildRules = (
			);
			dependencies = (
				ACCC40182858F8EA00F3B396 /* PBXTargetDependency */,
			);
			name = githubIntroUITests;
			productName = githubIntroUITests;
			productReference = ACCC40162858F8EA00F3B396 /* githubIntroUITests.xctest */;
			productType = "com.apple.product-type.bundle.ui-testing";
		};
/* End PBXNativeTarget section */

/* Begin PBXProject section */
		ACCC3FEB2858F8CE00F3B396 /* Project object */ = {
			isa = PBXProject;
			attributes = {
				BuildIndependentTargetsInParallel = 1;
				LastSwiftUpdateCheck = 1330;
				LastUpgradeCheck = 1330;
				TargetAttributes = {
					ACCC3FF22858F8CF00F3B396 = {
						CreatedOnToolsVersion = 13.3;
					};
					ACCC400B2858F8EA00F3B396 = {
						CreatedOnToolsVersion = 13.3;
						TestTargetID = ACCC3FF22858F8CF00F3B396;
					};
					ACCC40152858F8EA00F3B396 = {
						CreatedOnToolsVersion = 13.3;
						TestTargetID = ACCC3FF22858F8CF00F3B396;
					};
				};
			};
			buildConfigurationList = ACCC3FEE2858F8CE00F3B396 /* Build configuration list for PBXProject "githubIntro" */;
			compatibilityVersion = "Xcode 13.0";
			developmentRegion = en;
			hasScannedForEncodings = 0;
			knownRegions = (
				en,
				Base,
			);
			mainGroup = ACCC3FEA2858F8CE00F3B396;
			productRefGroup = ACCC3FF42858F8CF00F3B396 /* Products */;
			projectDirPath = "";
			projectRoot = "";
			targets = (
				ACCC3FF22858F8CF00F3B396 /* githubIntro */,
				ACCC400B2858F8EA00F3B396 /* githubIntroTests */,
				ACCC40152858F8EA00F3B396 /* githubIntroUITests */,
			);
		};
/* End PBXProject section */

/* Begin PBXResourcesBuildPhase section */
		ACCC3FF12858F8CF00F3B396 /* Resources */ = {
			isa = PBXResourcesBuildPhase;
			buildActionMask = 2147483647;
			files = (
				ACCC40062858F8E900F3B396 /* LaunchScreen.storyboard in Resources */,
				ACCC40032858F8E900F3B396 /* Assets.xcassets in Resources */,
				ACCC3FFE2858F8CF00F3B396 /* Main.storyboard in Resources */,
			);
			runOnlyForDeploymentPostprocessing = 0;
		};
		ACCC400A2858F8EA00F3B396 /* Resources */ = {
			isa = PBXResourcesBuildPhase;
			buildActionMask = 2147483647;
			files = (
			);
			runOnlyForDeploymentPostprocessing = 0;
		};
		ACCC40142858F8EA00F3B396 /* Resources */ = {
			isa = PBXResourcesBuildPhase;
			buildActionMask = 2147483647;
			files = (
			);
			runOnlyForDeploymentPostprocessing = 0;
		};
/* End PBXResourcesBuildPhase section */

/* Begin PBXSourcesBuildPhase section */
		ACCC3FEF2858F8CF00F3B396 /* Sources */ = {
			isa = PBXSourcesBuildPhase;
			buildActionMask = 2147483647;
			files = (
				ACCC3FFB2858F8CF00F3B396 /* ViewController.swift in Sources */,
				ACCC3FF72858F8CF00F3B396 /* AppDelegate.swift in Sources */,
				ACCC3FF92858F8CF00F3B396 /* SceneDelegate.swift in Sources */,
				ACCC40012858F8CF00F3B396 /* githubIntro.xcdatamodeld in Sources */,
			);
			runOnlyForDeploymentPostprocessing = 0;
		};
		ACCC40082858F8EA00F3B396 /* Sources */ = {
			isa = PBXSourcesBuildPhase;
			buildActionMask = 2147483647;
			files = (
				ACCC40112858F8EA00F3B396 /* githubIntroTests.swift in Sources */,
			);
			runOnlyForDeploymentPostprocessing = 0;
		};
		ACCC40122858F8EA00F3B396 /* Sources */ = {
			isa = PBXSourcesBuildPhase;
			buildActionMask = 2147483647;
			files = (
				ACCC401D2858F8EA00F3B396 /* githubIntroUITestsLaunchTests.swift in Sources */,
				ACCC401B2858F8EA00F3B396 /* githubIntroUITests.swift in Sources */,
			);
			runOnlyForDeploymentPostprocessing = 0;
		};
/* End PBXSourcesBuildPhase section */

/* Begin PBXTargetDependency section */
		ACCC400E2858F8EA00F3B396 /* PBXTargetDependency */ = {
			isa = PBXTargetDependency;
			target = ACCC3FF22858F8CF00F3B396 /* githubIntro */;
			targetProxy = ACCC400D2858F8EA00F3B396 /* PBXContainerItemProxy */;
		};
		ACCC40182858F8EA00F3B396 /* PBXTargetDependency */ = {
			isa = PBXTargetDependency;
			target = ACCC3FF22858F8CF00F3B396 /* githubIntro */;
			targetProxy = ACCC40172858F8EA00F3B396 /* PBXContainerItemProxy */;
		};
/* End PBXTargetDependency section */

/* Begin PBXVariantGroup section */
		ACCC3FFC2858F8CF00F3B396 /* Main.storyboard */ = {
			isa = PBXVariantGroup;
			children = (
				ACCC3FFD2858F8CF00F3B396 /* Base */,
			);
			name = Main.storyboard;
			sourceTree = "<group>";
		};
		ACCC40042858F8E900F3B396 /* LaunchScreen.storyboard */ = {
			isa = PBXVariantGroup;
			children = (
				ACCC40052858F8E900F3B396 /* Base */,
			);
			name = LaunchScreen.storyboard;
			sourceTree = "<group>";
		};
/* End PBXVariantGroup section */

/* Begin XCBuildConfiguration section */
		ACCC401E2858F8EA00F3B396 /* Debug */ = {
			isa = XCBuildConfiguration;
			buildSettings = {
				ALWAYS_SEARCH_USER_PATHS = NO;
				CLANG_ANALYZER_NONNULL = YES;
				CLANG_ANALYZER_NUMBER_OBJECT_CONVERSION = YES_AGGRESSIVE;
				CLANG_CXX_LANGUAGE_STANDARD = "gnu++17";
				CLANG_ENABLE_MODULES = YES;
				CLANG_ENABLE_OBJC_ARC = YES;
				CLANG_ENABLE_OBJC_WEAK = YES;
				CLANG_WARN_BLOCK_CAPTURE_AUTORELEASING = YES;
				CLANG_WARN_BOOL_CONVERSION = YES;
				CLANG_WARN_COMMA = YES;
				CLANG_WARN_CONSTANT_CONVERSION = YES;
				CLANG_WARN_DEPRECATED_OBJC_IMPLEMENTATIONS = YES;
				CLANG_WARN_DIRECT_OBJC_ISA_USAGE = YES_ERROR;
				CLANG_WARN_DOCUMENTATION_COMMENTS = YES;
				CLANG_WARN_EMPTY_BODY = YES;
				CLANG_WARN_ENUM_CONVERSION = YES;
				CLANG_WARN_INFINITE_RECURSION = YES;
				CLANG_WARN_INT_CONVERSION = YES;
				CLANG_WARN_NON_LITERAL_NULL_CONVERSION = YES;
				CLANG_WARN_OBJC_IMPLICIT_RETAIN_SELF = YES;
				CLANG_WARN_OBJC_LITERAL_CONVERSION = YES;
				CLANG_WARN_OBJC_ROOT_CLASS = YES_ERROR;
				CLANG_WARN_QUOTED_INCLUDE_IN_FRAMEWORK_HEADER = YES;
				CLANG_WARN_RANGE_LOOP_ANALYSIS = YES;
				CLANG_WARN_STRICT_PROTOTYPES = YES;
				CLANG_WARN_SUSPICIOUS_MOVE = YES;
				CLANG_WARN_UNGUARDED_AVAILABILITY = YES_AGGRESSIVE;
				CLANG_WARN_UNREACHABLE_CODE = YES;
				CLANG_WARN__DUPLICATE_METHOD_MATCH = YES;
				COPY_PHASE_STRIP = NO;
				DEBUG_INFORMATION_FORMAT = dwarf;
				ENABLE_STRICT_OBJC_MSGSEND = YES;
				ENABLE_TESTABILITY = YES;
				GCC_C_LANGUAGE_STANDARD = gnu11;
				GCC_DYNAMIC_NO_PIC = NO;
				GCC_NO_COMMON_BLOCKS = YES;
				GCC_OPTIMIZATION_LEVEL = 0;
				GCC_PREPROCESSOR_DEFINITIONS = (
					"DEBUG=1",
					"$(inherited)",
				);
				GCC_WARN_64_TO_32_BIT_CONVERSION = YES;
				GCC_WARN_ABOUT_RETURN_TYPE = YES_ERROR;
				GCC_WARN_UNDECLARED_SELECTOR = YES;
				GCC_WARN_UNINITIALIZED_AUTOS = YES_AGGRESSIVE;
				GCC_WARN_UNUSED_FUNCTION = YES;
				GCC_WARN_UNUSED_VARIABLE = YES;
				IPHONEOS_DEPLOYMENT_TARGET = 15.4;
				MTL_ENABLE_DEBUG_INFO = INCLUDE_SOURCE;
				MTL_FAST_MATH = YES;
				ONLY_ACTIVE_ARCH = YES;
				SDKROOT = iphoneos;
				SWIFT_ACTIVE_COMPILATION_CONDITIONS = DEBUG;
				SWIFT_OPTIMIZATION_LEVEL = "-Onone";
			};
			name = Debug;
		};
		ACCC401F2858F8EA00F3B396 /* Release */ = {
			isa = XCBuildConfiguration;
			buildSettings = {
				ALWAYS_SEARCH_USER_PATHS = NO;
				CLANG_ANALYZER_NONNULL = YES;
				CLANG_ANALYZER_NUMBER_OBJECT_CONVERSION = YES_AGGRESSIVE;
				CLANG_CXX_LANGUAGE_STANDARD = "gnu++17";
				CLANG_ENABLE_MODULES = YES;
				CLANG_ENABLE_OBJC_ARC = YES;
				CLANG_ENABLE_OBJC_WEAK = YES;
				CLANG_WARN_BLOCK_CAPTURE_AUTORELEASING = YES;
				CLANG_WARN_BOOL_CONVERSION = YES;
				CLANG_WARN_COMMA = YES;
				CLANG_WARN_CONSTANT_CONVERSION = YES;
				CLANG_WARN_DEPRECATED_OBJC_IMPLEMENTATIONS = YES;
				CLANG_WARN_DIRECT_OBJC_ISA_USAGE = YES_ERROR;
				CLANG_WARN_DOCUMENTATION_COMMENTS = YES;
				CLANG_WARN_EMPTY_BODY = YES;
				CLANG_WARN_ENUM_CONVERSION = YES;
				CLANG_WARN_INFINITE_RECURSION = YES;
				CLANG_WARN_INT_CONVERSION = YES;
				CLANG_WARN_NON_LITERAL_NULL_CONVERSION = YES;
				CLANG_WARN_OBJC_IMPLICIT_RETAIN_SELF = YES;
				CLANG_WARN_OBJC_LITERAL_CONVERSION = YES;
				CLANG_WARN_OBJC_ROOT_CLASS = YES_ERROR;
				CLANG_WARN_QUOTED_INCLUDE_IN_FRAMEWORK_HEADER = YES;
				CLANG_WARN_RANGE_LOOP_ANALYSIS = YES;
				CLANG_WARN_STRICT_PROTOTYPES = YES;
				CLANG_WARN_SUSPICIOUS_MOVE = YES;
				CLANG_WARN_UNGUARDED_AVAILABILITY = YES_AGGRESSIVE;
				CLANG_WARN_UNREACHABLE_CODE = YES;
				CLANG_WARN__DUPLICATE_METHOD_MATCH = YES;
				COPY_PHASE_STRIP = NO;
				DEBUG_INFORMATION_FORMAT = "dwarf-with-dsym";
				ENABLE_NS_ASSERTIONS = NO;
				ENABLE_STRICT_OBJC_MSGSEND = YES;
				GCC_C_LANGUAGE_STANDARD = gnu11;
				GCC_NO_COMMON_BLOCKS = YES;
				GCC_WARN_64_TO_32_BIT_CONVERSION = YES;
				GCC_WARN_ABOUT_RETURN_TYPE = YES_ERROR;
				GCC_WARN_UNDECLARED_SELECTOR = YES;
				GCC_WARN_UNINITIALIZED_AUTOS = YES_AGGRESSIVE;
				GCC_WARN_UNUSED_FUNCTION = YES;
				GCC_WARN_UNUSED_VARIABLE = YES;
				IPHONEOS_DEPLOYMENT_TARGET = 15.4;
				MTL_ENABLE_DEBUG_INFO = NO;
				MTL_FAST_MATH = YES;
				SDKROOT = iphoneos;
				SWIFT_COMPILATION_MODE = wholemodule;
				SWIFT_OPTIMIZATION_LEVEL = "-O";
				VALIDATE_PRODUCT = YES;
			};
			name = Release;
		};
		ACCC40212858F8EA00F3B396 /* Debug */ = {
			isa = XCBuildConfiguration;
			buildSettings = {
				ASSETCATALOG_COMPILER_APPICON_NAME = AppIcon;
				ASSETCATALOG_COMPILER_GLOBAL_ACCENT_COLOR_NAME = AccentColor;
				CODE_SIGN_STYLE = Automatic;
				CURRENT_PROJECT_VERSION = 1;
				GENERATE_INFOPLIST_FILE = YES;
				INFOPLIST_FILE = githubIntro/Info.plist;
				INFOPLIST_KEY_UIApplicationSupportsIndirectInputEvents = YES;
				INFOPLIST_KEY_UILaunchStoryboardName = LaunchScreen;
				INFOPLIST_KEY_UIMainStoryboardFile = Main;
				INFOPLIST_KEY_UISupportedInterfaceOrientations_iPad = "UIInterfaceOrientationPortrait UIInterfaceOrientationPortraitUpsideDown UIInterfaceOrientationLandscapeLeft UIInterfaceOrientationLandscapeRight";
				INFOPLIST_KEY_UISupportedInterfaceOrientations_iPhone = "UIInterfaceOrientationPortrait UIInterfaceOrientationLandscapeLeft UIInterfaceOrientationLandscapeRight";
				LD_RUNPATH_SEARCH_PATHS = (
					"$(inherited)",
					"@executable_path/Frameworks",
				);
				MARKETING_VERSION = 1.0;
				PRODUCT_BUNDLE_IDENTIFIER = com.varshashashishekar.githubIntro;
				PRODUCT_NAME = "$(TARGET_NAME)";
				SWIFT_EMIT_LOC_STRINGS = YES;
				SWIFT_VERSION = 5.0;
				TARGETED_DEVICE_FAMILY = "1,2";
			};
			name = Debug;
		};
		ACCC40222858F8EA00F3B396 /* Release */ = {
			isa = XCBuildConfiguration;
			buildSettings = {
				ASSETCATALOG_COMPILER_APPICON_NAME = AppIcon;
				ASSETCATALOG_COMPILER_GLOBAL_ACCENT_COLOR_NAME = AccentColor;
				CODE_SIGN_STYLE = Automatic;
				CURRENT_PROJECT_VERSION = 1;
				GENERATE_INFOPLIST_FILE = YES;
				INFOPLIST_FILE = githubIntro/Info.plist;
				INFOPLIST_KEY_UIApplicationSupportsIndirectInputEvents = YES;
				INFOPLIST_KEY_UILaunchStoryboardName = LaunchScreen;
				INFOPLIST_KEY_UIMainStoryboardFile = Main;
				INFOPLIST_KEY_UISupportedInterfaceOrientations_iPad = "UIInterfaceOrientationPortrait UIInterfaceOrientationPortraitUpsideDown UIInterfaceOrientationLandscapeLeft UIInterfaceOrientationLandscapeRight";
				INFOPLIST_KEY_UISupportedInterfaceOrientations_iPhone = "UIInterfaceOrientationPortrait UIInterfaceOrientationLandscapeLeft UIInterfaceOrientationLandscapeRight";
				LD_RUNPATH_SEARCH_PATHS = (
					"$(inherited)",
					"@executable_path/Frameworks",
				);
				MARKETING_VERSION = 1.0;
				PRODUCT_BUNDLE_IDENTIFIER = com.varshashashishekar.githubIntro;
				PRODUCT_NAME = "$(TARGET_NAME)";
				SWIFT_EMIT_LOC_STRINGS = YES;
				SWIFT_VERSION = 5.0;
				TARGETED_DEVICE_FAMILY = "1,2";
			};
			name = Release;
		};
		ACCC40242858F8EA00F3B396 /* Debug */ = {
			isa = XCBuildConfiguration;
			buildSettings = {
				ALWAYS_EMBED_SWIFT_STANDARD_LIBRARIES = YES;
				BUNDLE_LOADER = "$(TEST_HOST)";
				CODE_SIGN_STYLE = Automatic;
				CURRENT_PROJECT_VERSION = 1;
				GENERATE_INFOPLIST_FILE = YES;
				IPHONEOS_DEPLOYMENT_TARGET = 15.4;
				MARKETING_VERSION = 1.0;
				PRODUCT_BUNDLE_IDENTIFIER = com.varshashashishekar.githubIntroTests;
				PRODUCT_NAME = "$(TARGET_NAME)";
				SWIFT_EMIT_LOC_STRINGS = NO;
				SWIFT_VERSION = 5.0;
				TARGETED_DEVICE_FAMILY = "1,2";
				TEST_HOST = "$(BUILT_PRODUCTS_DIR)/githubIntro.app/githubIntro";
			};
			name = Debug;
		};
		ACCC40252858F8EA00F3B396 /* Release */ = {
			isa = XCBuildConfiguration;
			buildSettings = {
				ALWAYS_EMBED_SWIFT_STANDARD_LIBRARIES = YES;
				BUNDLE_LOADER = "$(TEST_HOST)";
				CODE_SIGN_STYLE = Automatic;
				CURRENT_PROJECT_VERSION = 1;
				GENERATE_INFOPLIST_FILE = YES;
				IPHONEOS_DEPLOYMENT_TARGET = 15.4;
				MARKETING_VERSION = 1.0;
				PRODUCT_BUNDLE_IDENTIFIER = com.varshashashishekar.githubIntroTests;
				PRODUCT_NAME = "$(TARGET_NAME)";
				SWIFT_EMIT_LOC_STRINGS = NO;
				SWIFT_VERSION = 5.0;
				TARGETED_DEVICE_FAMILY = "1,2";
				TEST_HOST = "$(BUILT_PRODUCTS_DIR)/githubIntro.app/githubIntro";
			};
			name = Release;
		};
		ACCC40272858F8EB00F3B396 /* Debug */ = {
			isa = XCBuildConfiguration;
			buildSettings = {
				ALWAYS_EMBED_SWIFT_STANDARD_LIBRARIES = YES;
				CODE_SIGN_STYLE = Automatic;
				CURRENT_PROJECT_VERSION = 1;
				GENERATE_INFOPLIST_FILE = YES;
				MARKETING_VERSION = 1.0;
				PRODUCT_BUNDLE_IDENTIFIER = com.varshashashishekar.githubIntroUITests;
				PRODUCT_NAME = "$(TARGET_NAME)";
				SWIFT_EMIT_LOC_STRINGS = NO;
				SWIFT_VERSION = 5.0;
				TARGETED_DEVICE_FAMILY = "1,2";
				TEST_TARGET_NAME = githubIntro;
			};
			name = Debug;
		};
		ACCC40282858F8EB00F3B396 /* Release */ = {
			isa = XCBuildConfiguration;
			buildSettings = {
				ALWAYS_EMBED_SWIFT_STANDARD_LIBRARIES = YES;
				CODE_SIGN_STYLE = Automatic;
				CURRENT_PROJECT_VERSION = 1;
				GENERATE_INFOPLIST_FILE = YES;
				MARKETING_VERSION = 1.0;
				PRODUCT_BUNDLE_IDENTIFIER = com.varshashashishekar.githubIntroUITests;
				PRODUCT_NAME = "$(TARGET_NAME)";
				SWIFT_EMIT_LOC_STRINGS = NO;
				SWIFT_VERSION = 5.0;
				TARGETED_DEVICE_FAMILY = "1,2";
				TEST_TARGET_NAME = githubIntro;
			};
			name = Release;
		};
/* End XCBuildConfiguration section */

/* Begin XCConfigurationList section */
		ACCC3FEE2858F8CE00F3B396 /* Build configuration list for PBXProject "githubIntro" */ = {
			isa = XCConfigurationList;
			buildConfigurations = (
				ACCC401E2858F8EA00F3B396 /* Debug */,
				ACCC401F2858F8EA00F3B396 /* Release */,
			);
			defaultConfigurationIsVisible = 0;
			defaultConfigurationName = Release;
		};
		ACCC40202858F8EA00F3B396 /* Build configuration list for PBXNativeTarget "githubIntro" */ = {
			isa = XCConfigurationList;
			buildConfigurations = (
				ACCC40212858F8EA00F3B396 /* Debug */,
				ACCC40222858F8EA00F3B396 /* Release */,
			);
			defaultConfigurationIsVisible = 0;
			defaultConfigurationName = Release;
		};
		ACCC40232858F8EA00F3B396 /* Build configuration list for PBXNativeTarget "githubIntroTests" */ = {
			isa = XCConfigurationList;
			buildConfigurations = (
				ACCC40242858F8EA00F3B396 /* Debug */,
				ACCC40252858F8EA00F3B396 /* Release */,
			);
			defaultConfigurationIsVisible = 0;
			defaultConfigurationName = Release;
		};
		ACCC40262858F8EB00F3B396 /* Build configuration list for PBXNativeTarget "githubIntroUITests" */ = {
			isa = XCConfigurationList;
			buildConfigurations = (
				ACCC40272858F8EB00F3B396 /* Debug */,
				ACCC40282858F8EB00F3B396 /* Release */,
			);
			defaultConfigurationIsVisible = 0;
			defaultConfigurationName = Release;
		};
/* End XCConfigurationList section */

/* Begin XCVersionGroup section */
		ACCC3FFF2858F8CF00F3B396 /* githubIntro.xcdatamodeld */ = {
			isa = XCVersionGroup;
			children = (
				ACCC40002858F8CF00F3B396 /* githubIntro.xcdatamodel */,
			);
			currentVersion = ACCC40002858F8CF00F3B396 /* githubIntro.xcdatamodel */;
			path = githubIntro.xcdatamodeld;
			sourceTree = "<group>";
			versionGroupType = wrapper.xcdatamodel;
		};
/* End XCVersionGroup section */
	};
	rootObject = ACCC3FEB2858F8CE00F3B396 /* Project object */;
}
